// !$*UTF8*$!
{
	archiveVersion = 1;
	classes = {
	};
	objectVersion = 46;
	objects = {

/* Begin PBXBuildFile section */
		A61719941BD1E99F002D7871 /* main.m in Sources */ = {isa = PBXBuildFile; fileRef = A61719931BD1E99F002D7871 /* main.m */; };
		A61719971BD1E99F002D7871 /* AppDelegate.m in Sources */ = {isa = PBXBuildFile; fileRef = A61719961BD1E99F002D7871 /* AppDelegate.m */; };
		A617199D1BD1E99F002D7871 /* Main.storyboard in Resources */ = {isa = PBXBuildFile; fileRef = A617199B1BD1E99F002D7871 /* Main.storyboard */; };
		A617199F1BD1E99F002D7871 /* Images.xcassets in Resources */ = {isa = PBXBuildFile; fileRef = A617199E1BD1E99F002D7871 /* Images.xcassets */; };
		A61719A21BD1E99F002D7871 /* LaunchScreen.xib in Resources */ = {isa = PBXBuildFile; fileRef = A61719A01BD1E99F002D7871 /* LaunchScreen.xib */; };
		A61719AE1BD1E99F002D7871 /* IAmRichTests.m in Sources */ = {isa = PBXBuildFile; fileRef = A61719AD1BD1E99F002D7871 /* IAmRichTests.m */; };
		A61719B81BD1EA60002D7871 /* ViewController.m in Sources */ = {isa = PBXBuildFile; fileRef = A61719B71BD1EA60002D7871 /* ViewController.m */; };
		A61719BB1BD1EB1A002D7871 /* ruby.png in Resources */ = {isa = PBXBuildFile; fileRef = A61719BA1BD1EB1A002D7871 /* ruby.png */; };
/* End PBXBuildFile section */

/* Begin PBXContainerItemProxy section */
		A61719A81BD1E99F002D7871 /* PBXContainerItemProxy */ = {
			isa = PBXContainerItemProxy;
			containerPortal = A61719861BD1E99F002D7871 /* Project object */;
			proxyType = 1;
			remoteGlobalIDString = A617198D1BD1E99F002D7871;
			remoteInfo = IAmRich;
		};
/* End PBXContainerItemProxy section */

/* Begin PBXFileReference section */
		A617198E1BD1E99F002D7871 /* IAmRich.app */ = {isa = PBXFileReference; explicitFileType = wrapper.application; includeInIndex = 0; path = IAmRich.app; sourceTree = BUILT_PRODUCTS_DIR; };
		A61719921BD1E99F002D7871 /* Info.plist */ = {isa = PBXFileReference; lastKnownFileType = text.plist.xml; path = Info.plist; sourceTree = "<group>"; };
		A61719931BD1E99F002D7871 /* main.m */ = {isa = PBXFileReference; lastKnownFileType = sourcecode.c.objc; path = main.m; sourceTree = "<group>"; };
		A61719951BD1E99F002D7871 /* AppDelegate.h */ = {isa = PBXFileReference; lastKnownFileType = sourcecode.c.h; path = AppDelegate.h; sourceTree = "<group>"; };
		A61719961BD1E99F002D7871 /* AppDelegate.m */ = {isa = PBXFileReference; lastKnownFileType = sourcecode.c.objc; path = AppDelegate.m; sourceTree = "<group>"; };
		A61719981BD1E99F002D7871 /* ViewController.h */ = {isa = PBXFileReference; lastKnownFileType = sourcecode.c.h; path = ViewController.h; sourceTree = "<group>"; };
		A617199C1BD1E99F002D7871 /* Base */ = {isa = PBXFileReference; lastKnownFileType = file.storyboard; name = Base; path = Base.lproj/Main.storyboard; sourceTree = "<group>"; };
		A617199E1BD1E99F002D7871 /* Images.xcassets */ = {isa = PBXFileReference; lastKnownFileType = folder.assetcatalog; path = Images.xcassets; sourceTree = "<group>"; };
		A61719A11BD1E99F002D7871 /* Base */ = {isa = PBXFileReference; lastKnownFileType = file.xib; name = Base; path = Base.lproj/LaunchScreen.xib; sourceTree = "<group>"; };
		A61719A71BD1E99F002D7871 /* IAmRichTests.xctest */ = {isa = PBXFileReference; explicitFileType = wrapper.cfbundle; includeInIndex = 0; path = IAmRichTests.xctest; sourceTree = BUILT_PRODUCTS_DIR; };
		A61719AC1BD1E99F002D7871 /* Info.plist */ = {isa = PBXFileReference; lastKnownFileType = text.plist.xml; path = Info.plist; sourceTree = "<group>"; };
		A61719AD1BD1E99F002D7871 /* IAmRichTests.m */ = {isa = PBXFileReference; lastKnownFileType = sourcecode.c.objc; path = IAmRichTests.m; sourceTree = "<group>"; };
		A61719B71BD1EA60002D7871 /* ViewController.m */ = {isa = PBXFileReference; fileEncoding = 4; lastKnownFileType = sourcecode.c.objc; name = ViewController.m; path = ../../../IAmRich/ViewController.m; sourceTree = "<group>"; };
		A61719BA1BD1EB1A002D7871 /* ruby.png */ = {isa = PBXFileReference; lastKnownFileType = image.png; name = ruby.png; path = ../../../IAmRich/ruby.png; sourceTree = "<group>"; };
/* End PBXFileReference section */

/* Begin PBXFrameworksBuildPhase section */
		A617198B1BD1E99F002D7871 /* Frameworks */ = {
			isa = PBXFrameworksBuildPhase;
			buildActionMask = 2147483647;
			files = (
			);
			runOnlyForDeploymentPostprocessing = 0;
		};
		A61719A41BD1E99F002D7871 /* Frameworks */ = {
			isa = PBXFrameworksBuildPhase;
			buildActionMask = 2147483647;
			files = (
			);
			runOnlyForDeploymentPostprocessing = 0;
		};
/* End PBXFrameworksBuildPhase section */

/* Begin PBXGroup section */
		A61719851BD1E99F002D7871 = {
			isa = PBXGroup;
			children = (
				A61719901BD1E99F002D7871 /* IAmRich */,
				A61719AA1BD1E99F002D7871 /* IAmRichTests */,
				A617198F1BD1E99F002D7871 /* Products */,
			);
			sourceTree = "<group>";
		};
		A617198F1BD1E99F002D7871 /* Products */ = {
			isa = PBXGroup;
			children = (
				A617198E1BD1E99F002D7871 /* IAmRich.app */,
				A61719A71BD1E99F002D7871 /* IAmRichTests.xctest */,
			);
			name = Products;
			sourceTree = "<group>";
		};
		A61719901BD1E99F002D7871 /* IAmRich */ = {
			isa = PBXGroup;
			children = (
				A61719951BD1E99F002D7871 /* AppDelegate.h */,
				A61719961BD1E99F002D7871 /* AppDelegate.m */,
				A61719981BD1E99F002D7871 /* ViewController.h */,
				A61719B91BD1EAEF002D7871 /* image */,
				A617199B1BD1E99F002D7871 /* Main.storyboard */,
				A61719B71BD1EA60002D7871 /* ViewController.m */,
				A617199E1BD1E99F002D7871 /* Images.xcassets */,
				A61719A01BD1E99F002D7871 /* LaunchScreen.xib */,
				A61719911BD1E99F002D7871 /* Supporting Files */,
			);
			path = IAmRich;
			sourceTree = "<group>";
		};
		A61719911BD1E99F002D7871 /* Supporting Files */ = {
			isa = PBXGroup;
			children = (
				A61719921BD1E99F002D7871 /* Info.plist */,
				A61719931BD1E99F002D7871 /* main.m */,
			);
			name = "Supporting Files";
			sourceTree = "<group>";
		};
		A61719AA1BD1E99F002D7871 /* IAmRichTests */ = {
			isa = PBXGroup;
			children = (
				A61719AD1BD1E99F002D7871 /* IAmRichTests.m */,
				A61719AB1BD1E99F002D7871 /* Supporting Files */,
			);
			path = IAmRichTests;
			sourceTree = "<group>";
		};
		A61719AB1BD1E99F002D7871 /* Supporting Files */ = {
			isa = PBXGroup;
			children = (
				A61719AC1BD1E99F002D7871 /* Info.plist */,
			);
			name = "Supporting Files";
			sourceTree = "<group>";
		};
		A61719B91BD1EAEF002D7871 /* image */ = {
			isa = PBXGroup;
			children = (
				A61719BA1BD1EB1A002D7871 /* ruby.png */,
			);
			name = image;
			sourceTree = "<group>";
		};
/* End PBXGroup section */

/* Begin PBXNativeTarget section */
		A617198D1BD1E99F002D7871 /* IAmRich */ = {
			isa = PBXNativeTarget;
			buildConfigurationList = A61719B11BD1E99F002D7871 /* Build configuration list for PBXNativeTarget "IAmRich" */;
			buildPhases = (
				A617198A1BD1E99F002D7871 /* Sources */,
				A617198B1BD1E99F002D7871 /* Frameworks */,
				A617198C1BD1E99F002D7871 /* Resources */,
			);
			buildRules = (
			);
			dependencies = (
			);
			name = IAmRich;
			productName = IAmRich;
			productReference = A617198E1BD1E99F002D7871 /* IAmRich.app */;
			productType = "com.apple.product-type.application";
		};
		A61719A61BD1E99F002D7871 /* IAmRichTests */ = {
			isa = PBXNativeTarget;
			buildConfigurationList = A61719B41BD1E99F002D7871 /* Build configuration list for PBXNativeTarget "IAmRichTests" */;
			buildPhases = (
				A61719A31BD1E99F002D7871 /* Sources */,
				A61719A41BD1E99F002D7871 /* Frameworks */,
				A61719A51BD1E99F002D7871 /* Resources */,
			);
			buildRules = (
			);
			dependencies = (
				A61719A91BD1E99F002D7871 /* PBXTargetDependency */,
			);
			name = IAmRichTests;
			productName = IAmRichTests;
			productReference = A61719A71BD1E99F002D7871 /* IAmRichTests.xctest */;
			productType = "com.apple.product-type.bundle.unit-test";
		};
/* End PBXNativeTarget section */

/* Begin PBXProject section */
		A61719861BD1E99F002D7871 /* Project object */ = {
			isa = PBXProject;
			attributes = {
				LastUpgradeCheck = 0640;
				ORGANIZATIONNAME = HoangNgocTung;
				TargetAttributes = {
					A617198D1BD1E99F002D7871 = {
						CreatedOnToolsVersion = 6.4;
					};
					A61719A61BD1E99F002D7871 = {
						CreatedOnToolsVersion = 6.4;
						TestTargetID = A617198D1BD1E99F002D7871;
					};
				};
			};
			buildConfigurationList = A61719891BD1E99F002D7871 /* Build configuration list for PBXProject "IAmRich" */;
			compatibilityVersion = "Xcode 3.2";
			developmentRegion = English;
			hasScannedForEncodings = 0;
			knownRegions = (
				en,
				Base,
			);
			mainGroup = A61719851BD1E99F002D7871;
			productRefGroup = A617198F1BD1E99F002D7871 /* Products */;
			projectDirPath = "";
			projectRoot = "";
			targets = (
				A617198D1BD1E99F002D7871 /* IAmRich */,
				A61719A61BD1E99F002D7871 /* IAmRichTests */,
			);
		};
/* End PBXProject section */

/* Begin PBXResourcesBuildPhase section */
		A617198C1BD1E99F002D7871 /* Resources */ = {
			isa = PBXResourcesBuildPhase;
			buildActionMask = 2147483647;
			files = (
				A617199D1BD1E99F002D7871 /* Main.storyboard in Resources */,
				A61719BB1BD1EB1A002D7871 /* ruby.png in Resources */,
				A61719A21BD1E99F002D7871 /* LaunchScreen.xib in Resources */,
				A617199F1BD1E99F002D7871 /* Images.xcassets in Resources */,
			);
			runOnlyForDeploymentPostprocessing = 0;
		};
		A61719A51BD1E99F002D7871 /* Resources */ = {
			isa = PBXResourcesBuildPhase;
			buildActionMask = 2147483647;
			files = (
			);
			runOnlyForDeploymentPostprocessing = 0;
		};
/* End PBXResourcesBuildPhase section */

/* Begin PBXSourcesBuildPhase section */
		A617198A1BD1E99F002D7871 /* Sources */ = {
			isa = PBXSourcesBuildPhase;
			buildActionMask = 2147483647;
			files = (
				A61719B81BD1EA60002D7871 /* ViewController.m in Sources */,
				A61719971BD1E99F002D7871 /* AppDelegate.m in Sources */,
				A61719941BD1E99F002D7871 /* main.m in Sources */,
			);
			runOnlyForDeploymentPostprocessing = 0;
		};
		A61719A31BD1E99F002D7871 /* Sources */ = {
			isa = PBXSourcesBuildPhase;
			buildActionMask = 2147483647;
			files = (
				A61719AE1BD1E99F002D7871 /* IAmRichTests.m in Sources */,
			);
			runOnlyForDeploymentPostprocessing = 0;
		};
/* End PBXSourcesBuildPhase section */

/* Begin PBXTargetDependency section */
		A61719A91BD1E99F002D7871 /* PBXTargetDependency */ = {
			isa = PBXTargetDependency;
			target = A617198D1BD1E99F002D7871 /* IAmRich */;
			targetProxy = A61719A81BD1E99F002D7871 /* PBXContainerItemProxy */;
		};
/* End PBXTargetDependency section */

/* Begin PBXVariantGroup section */
		A617199B1BD1E99F002D7871 /* Main.storyboard */ = {
			isa = PBXVariantGroup;
			children = (
				A617199C1BD1E99F002D7871 /* Base */,
			);
			name = Main.storyboard;
			sourceTree = "<group>";
		};
		A61719A01BD1E99F002D7871 /* LaunchScreen.xib */ = {
			isa = PBXVariantGroup;
			children = (
				A61719A11BD1E99F002D7871 /* Base */,
			);
			name = LaunchScreen.xib;
			sourceTree = "<group>";
		};
/* End PBXVariantGroup section */

/* Begin XCBuildConfiguration section */
		A61719AF1BD1E99F002D7871 /* Debug */ = {
			isa = XCBuildConfiguration;
			buildSettings = {
				ALWAYS_SEARCH_USER_PATHS = NO;
				CLANG_CXX_LANGUAGE_STANDARD = "gnu++0x";
				CLANG_CXX_LIBRARY = "libc++";
				CLANG_ENABLE_MODULES = YES;
				CLANG_ENABLE_OBJC_ARC = YES;
				CLANG_WARN_BOOL_CONVERSION = YES;
				CLANG_WARN_CONSTANT_CONVERSION = YES;
				CLANG_WARN_DIRECT_OBJC_ISA_USAGE = YES_ERROR;
				CLANG_WARN_EMPTY_BODY = YES;
				CLANG_WARN_ENUM_CONVERSION = YES;
				CLANG_WARN_INT_CONVERSION = YES;
				CLANG_WARN_OBJC_ROOT_CLASS = YES_ERROR;
				CLANG_WARN_UNREACHABLE_CODE = YES;
				CLANG_WARN__DUPLICATE_METHOD_MATCH = YES;
				"CODE_SIGN_IDENTITY[sdk=iphoneos*]" = "iPhone Developer";
				COPY_PHASE_STRIP = NO;
				DEBUG_INFORMATION_FORMAT = "dwarf-with-dsym";
				ENABLE_STRICT_OBJC_MSGSEND = YES;
				GCC_C_LANGUAGE_STANDARD = gnu99;
				GCC_DYNAMIC_NO_PIC = NO;
				GCC_NO_COMMON_BLOCKS = YES;
				GCC_OPTIMIZATION_LEVEL = 0;
				GCC_PREPROCESSOR_DEFINITIONS = (
					"DEBUG=1",
					"$(inherited)",
				);
				GCC_SYMBOLS_PRIVATE_EXTERN = NO;
				GCC_WARN_64_TO_32_BIT_CONVERSION = YES;
				GCC_WARN_ABOUT_RETURN_TYPE = YES_ERROR;
				GCC_WARN_UNDECLARED_SELECTOR = YES;
				GCC_WARN_UNINITIALIZED_AUTOS = YES_AGGRESSIVE;
				GCC_WARN_UNUSED_FUNCTION = YES;
				GCC_WARN_UNUSED_VARIABLE = YES;
				IPHONEOS_DEPLOYMENT_TARGET = 8.4;
				MTL_ENABLE_DEBUG_INFO = YES;
				ONLY_ACTIVE_ARCH = YES;
				SDKROOT = iphoneos;
			};
			name = Debug;
		};
		A61719B01BD1E99F002D7871 /* Release */ = {
			isa = XCBuildConfiguration;
			buildSettings = {
				ALWAYS_SEARCH_USER_PATHS = NO;
				CLANG_CXX_LANGUAGE_STANDARD = "gnu++0x";
				CLANG_CXX_LIBRARY = "libc++";
				CLANG_ENABLE_MODULES = YES;
				CLANG_ENABLE_OBJC_ARC = YES;
				CLANG_WARN_BOOL_CONVERSION = YES;
				CLANG_WARN_CONSTANT_CONVERSION = YES;
				CLANG_WARN_DIRECT_OBJC_ISA_USAGE = YES_ERROR;
				CLANG_WARN_EMPTY_BODY = YES;
				CLANG_WARN_ENUM_CONVERSION = YES;
				CLANG_WARN_INT_CONVERSION = YES;
				CLANG_WARN_OBJC_ROOT_CLASS = YES_ERROR;
				CLANG_WARN_UNREACHABLE_CODE = YES;
				CLANG_WARN__DUPLICATE_METHOD_MATCH = YES;
				"CODE_SIGN_IDENTITY[sdk=iphoneos*]" = "iPhone Developer";
				COPY_PHASE_STRIP = NO;
				DEBUG_INFORMATION_FORMAT = "dwarf-with-dsym";
				ENABLE_NS_ASSERTIONS = NO;
				ENABLE_STRICT_OBJC_MSGSEND = YES;
				GCC_C_LANGUAGE_STANDARD = gnu99;
				GCC_NO_COMMON_BLOCKS = YES;
				GCC_WARN_64_TO_32_BIT_CONVERSION = YES;
				GCC_WARN_ABOUT_RETURN_TYPE = YES_ERROR;
				GCC_WARN_UNDECLARED_SELECTOR = YES;
				GCC_WARN_UNINITIALIZED_AUTOS = YES_AGGRESSIVE;
				GCC_WARN_UNUSED_FUNCTION = YES;
				GCC_WARN_UNUSED_VARIABLE = YES;
				IPHONEOS_DEPLOYMENT_TARGET = 8.4;
				MTL_ENABLE_DEBUG_INFO = NO;
				SDKROOT = iphoneos;
				VALIDATE_PRODUCT = YES;
			};
			name = Release;
		};
		A61719B21BD1E99F002D7871 /* Debug */ = {
			isa = XCBuildConfiguration;
			buildSettings = {
				ASSETCATALOG_COMPILER_APPICON_NAME = AppIcon;
				INFOPLIST_FILE = IAmRich/Info.plist;
				LD_RUNPATH_SEARCH_PATHS = "$(inherited) @executable_path/Frameworks";
				PRODUCT_NAME = "$(TARGET_NAME)";
			};
			name = Debug;
		};
		A61719B31BD1E99F002D7871 /* Release */ = {
			isa = XCBuildConfiguration;
			buildSettings = {
				ASSETCATALOG_COMPILER_APPICON_NAME = AppIcon;
				INFOPLIST_FILE = IAmRich/Info.plist;
				LD_RUNPATH_SEARCH_PATHS = "$(inherited) @executable_path/Frameworks";
				PRODUCT_NAME = "$(TARGET_NAME)";
			};
			name = Release;
		};
		A61719B51BD1E99F002D7871 /* Debug */ = {
			isa = XCBuildConfiguration;
			buildSettings = {
				BUNDLE_LOADER = "$(TEST_HOST)";
				FRAMEWORK_SEARCH_PATHS = (
					"$(SDKROOT)/Developer/Library/Frameworks",
					"$(inherited)",
				);
				GCC_PREPROCESSOR_DEFINITIONS = (
					"DEBUG=1",
					"$(inherited)",
				);
				INFOPLIST_FILE = IAmRichTests/Info.plist;
				LD_RUNPATH_SEARCH_PATHS = "$(inherited) @executable_path/Frameworks @loader_path/Frameworks";
				PRODUCT_NAME = "$(TARGET_NAME)";
				TEST_HOST = "$(BUILT_PRODUCTS_DIR)/IAmRich.app/IAmRich";
			};
			name = Debug;
		};
		A61719B61BD1E99F002D7871 /* Release */ = {
			isa = XCBuildConfiguration;
			buildSettings = {
				BUNDLE_LOADER = "$(TEST_HOST)";
				FRAMEWORK_SEARCH_PATHS = (
					"$(SDKROOT)/Developer/Library/Frameworks",
					"$(inherited)",
				);
				INFOPLIST_FILE = IAmRichTests/Info.plist;
				LD_RUNPATH_SEARCH_PATHS = "$(inherited) @executable_path/Frameworks @loader_path/Frameworks";
				PRODUCT_NAME = "$(TARGET_NAME)";
				TEST_HOST = "$(BUILT_PRODUCTS_DIR)/IAmRich.app/IAmRich";
			};
			name = Release;
		};
/* End XCBuildConfiguration section */

/* Begin XCConfigurationList section */
		A61719891BD1E99F002D7871 /* Build configuration list for PBXProject "IAmRich" */ = {
			isa = XCConfigurationList;
			buildConfigurations = (
				A61719AF1BD1E99F002D7871 /* Debug */,
				A61719B01BD1E99F002D7871 /* Release */,
			);
			defaultConfigurationIsVisible = 0;
			defaultConfigurationName = Release;
		};
		A61719B11BD1E99F002D7871 /* Build configuration list for PBXNativeTarget "IAmRich" */ = {
			isa = XCConfigurationList;
			buildConfigurations = (
				A61719B21BD1E99F002D7871 /* Debug */,
				A61719B31BD1E99F002D7871 /* Release */,
			);
			defaultConfigurationIsVisible = 0;
		};
		A61719B41BD1E99F002D7871 /* Build configuration list for PBXNativeTarget "IAmRichTests" */ = {
			isa = XCConfigurationList;
			buildConfigurations = (
				A61719B51BD1E99F002D7871 /* Debug */,
				A61719B61BD1E99F002D7871 /* Release */,
			);
			defaultConfigurationIsVisible = 0;
		};
/* End XCConfigurationList section */
	};
	rootObject = A61719861BD1E99F002D7871 /* Project object */;
}
